
Microsoft Visual Studio Solution File, Format Version 12.00
# Visual Studio Version 17
VisualStudioVersion = 17.0.32002.185
MinimumVisualStudioVersion = 10.0.40219.1
Project("{FAE04EC0-301F-11D3-BF4B-00C04F79EFBC}") = "WordProjekt", "WordProjekt\WordProjekt.csproj", "{92FBB437-1DFC-494D-9DEC-C9E32738F342}"
EndProject
Global
	GlobalSection(SolutionConfigurationPlatforms) = preSolution
		Debug|Any CPU = Debug|Any CPU
		Release|Any CPU = Release|Any CPU
	EndGlobalSection
	GlobalSection(ProjectConfigurationPlatforms) = postSolution
		{92FBB437-1DFC-494D-9DEC-C9E32738F342}.Debug|Any CPU.ActiveCfg = Debug|Any CPU
		{92FBB437-1DFC-494D-9DEC-C9E32738F342}.Debug|Any CPU.Build.0 = Debug|Any CPU
		{92FBB437-1DFC-494D-9DEC-C9E32738F342}.Release|Any CPU.ActiveCfg = Release|Any CPU
		{92FBB437-1DFC-494D-9DEC-C9E32738F342}.Release|Any CPU.Build.0 = Release|Any CPU
	EndGlobalSection
	GlobalSection(SolutionProperties) = preSolution
		HideSolutionNode = FALSE
	EndGlobalSection
	GlobalSection(ExtensibilityGlobals) = postSolution
		SolutionGuid = {DCF35C61-7640-4887-86ED-8E3358B4CF9D}
	EndGlobalSection
EndGlobal
